# This file is autogenerated, do not edit; changes may be undone by the next 'dep ensure'.


[[projects]]
  branch = "master"
  name = "github.com/golang/snappy"
  packages = ["."]
  revision = "2e65f85255dbc3072edf28d6b5b8efc472979f5a"

[[projects]]
  branch = "master"
  name = "github.com/syndtr/goleveldb"
  packages = [
    "leveldb",
    "leveldb/cache",
    "leveldb/comparer",
    "leveldb/errors",
    "leveldb/filter",
    "leveldb/iterator",
    "leveldb/journal",
    "leveldb/memdb",
    "leveldb/opt",
    "leveldb/storage",
    "leveldb/table",
    "leveldb/util"
  ]
  revision = "0d5a0ceb10cf9ab89fdd744cc8c50a83134f6697"

[solve-meta]
  analyzer-name = "dep"
  analyzer-version = 1
  inputs-digest = "b2c2402df0829ebe0aeee67209b7d0cc684f54a0dd2a1ab34f4e8ad8428219eb"
  solver-name = "gps-cdcl"
  solver-version = 1
